<?xml version="1.0" encoding="utf-8"?>
<Project ToolsVersion="4.0" xmlns="http://schemas.microsoft.com/developer/msbuild/2003">
  <ItemGroup>
    <Filter Include="Source Files">
      <UniqueIdentifier>{4FC737F1-C7A5-4376-A066-2A32D752A2FF}</UniqueIdentifier>
      <Extensions>cpp;c;cc;cxx;c++;cppm;ixx;def;odl;idl;hpj;bat;asm;asmx</Extensions>
    </Filter>
    <Filter Include="Header Files">
      <UniqueIdentifier>{93995380-89BD-4b04-88EB-625FBE52EBFB}</UniqueIdentifier>
      <Extensions>h;hh;hpp;hxx;h++;hm;inl;inc;ipp;xsd</Extensions>
    </Filter>
    <Filter Include="Resource Files">
      <UniqueIdentifier>{67DA6AB6-F800-4c08-8B7A-83BB121AAD01}</UniqueIdentifier>
      <Extensions>rc;ico;cur;bmp;dlg;rc2;rct;bin;rgs;gif;jpg;jpeg;jpe;resx;tiff;tif;png;wav;mfcribbon-ms</Extensions>
    </Filter>
    <Filter Include="Source Files\GameObjects">
      <UniqueIdentifier>{9450b26f-041a-4677-b2f5-4220b6f118ee}</UniqueIdentifier>
    </Filter>
    <Filter Include="Header Files\GameObjects">
      <UniqueIdentifier>{8d21a910-6663-4560-9a54-3fff0d3214de}</UniqueIdentifier>
    </Filter>
    <Filter Include="Header Files\Engine">
      <UniqueIdentifier>{e4ccd110-32f8-42d2-a52f-ead2ec8d556a}</UniqueIdentifier>
    </Filter>
    <Filter Include="Header Files\Utils">
      <UniqueIdentifier>{1d04a341-ab2a-465b-846b-3aec104e1ba5}</UniqueIdentifier>
    </Filter>
    <Filter Include="Header Files\Render">
      <UniqueIdentifier>{95dc5cab-97e9-4ac0-85ea-282758667546}</UniqueIdentifier>
    </Filter>
    <Filter Include="Source Files\Engine">
      <UniqueIdentifier>{5beebe9c-8811-44b3-b6c7-c25381c0fb6d}</UniqueIdentifier>
    </Filter>
    <Filter Include="Source Files\Render">
      <UniqueIdentifier>{88e02efc-a7d8-4958-8bea-15ffe65d37ea}</UniqueIdentifier>
    </Filter>
    <Filter Include="Source Files\Utils">
      <UniqueIdentifier>{88179797-61c2-4bd1-ae20-c7287613a6b6}</UniqueIdentifier>
    </Filter>
    <Filter Include="Source Files\Main">
      <UniqueIdentifier>{3e1a1773-61db-4e12-b322-edb1ddddfbc8}</UniqueIdentifier>
    </Filter>
    <Filter Include="Header Files\Scenes">
      <UniqueIdentifier>{8b44e3b1-040c-4e3d-af8d-34c9aa9af870}</UniqueIdentifier>
    </Filter>
    <Filter Include="Source Files\Scenes">
      <UniqueIdentifier>{de5afade-e0ba-4155-b535-0bacb09b79ce}</UniqueIdentifier>
    </Filter>
  </ItemGroup>
  <ItemGroup>
    <ClCompile Include="EshopAnim.cpp">
      <Filter>Source Files\GameObjects</Filter>
    </ClCompile>
    <ClCompile Include="FPSCounter.cpp">
      <Filter>Source Files\GameObjects</Filter>
    </ClCompile>
    <ClCompile Include="GameObject.cpp">
      <Filter>Source Files\Engine</Filter>
    </ClCompile>
    <ClCompile Include="PlayerController.cpp">
      <Filter>Source Files\GameObjects</Filter>
    </ClCompile>
    <ClCompile Include="SpriteSheetTest.cpp">
      <Filter>Source Files\GameObjects</Filter>
    </ClCompile>
    <ClCompile Include="SpriteSheet.cpp">
      <Filter>Source Files\Render</Filter>
    </ClCompile>
    <ClCompile Include="RenderableComponent.cpp">
      <Filter>Source Files\Render</Filter>
    </ClCompile>
    <ClCompile Include="GameEngine.cpp">
      <Filter>Source Files\Engine</Filter>
    </ClCompile>
    <ClCompile Include="GameClock.cpp">
      <Filter>Source Files\Engine</Filter>
    </ClCompile>
    <ClCompile Include="GameMath.cpp">
      <Filter>Source Files\Utils</Filter>
    </ClCompile>
    <ClCompile Include="GameRNG.cpp">
      <Filter>Source Files\Utils</Filter>
    </ClCompile>
    <ClCompile Include="GameUtils.cpp">
      <Filter>Source Files\Utils</Filter>
    </ClCompile>
    <ClCompile Include="Timer.cpp">
      <Filter>Source Files\Engine</Filter>
    </ClCompile>
    <ClCompile Include="Main.cpp">
      <Filter>Source Files\Main</Filter>
    </ClCompile>
    <ClCompile Include="GameLogging.cpp">
      <Filter>Source Files\Engine</Filter>
    </ClCompile>
    <ClCompile Include="GameScene.cpp">
      <Filter>Source Files\Engine</Filter>
    </ClCompile>
    <ClCompile Include="EshopScene.cpp">
      <Filter>Source Files\Scenes</Filter>
    </ClCompile>
    <ClCompile Include="AudioEngine.cpp">
      <Filter>Source Files\Engine</Filter>
    </ClCompile>
    <ClCompile Include="RenderEngine.cpp">
      <Filter>Source Files\Engine</Filter>
    </ClCompile>
    <ClCompile Include="BoidScene.cpp">
      <Filter>Source Files\Scenes</Filter>
    </ClCompile>
    <ClCompile Include="GameConductor.cpp">
      <Filter>Source Files\Engine</Filter>
    </ClCompile>
    <ClCompile Include="InputHandler.cpp">
      <Filter>Source Files\Engine</Filter>
    </ClCompile>
    <ClCompile Include="CollisionTestScene.cpp">
      <Filter>Source Files\Scenes</Filter>
    </ClCompile>
    <ClCompile Include="TestCollider.cpp">
      <Filter>Source Files\GameObjects</Filter>
    </ClCompile>
    <ClCompile Include="MainScene.cpp">
      <Filter>Source Files\Scenes</Filter>
    </ClCompile>
    <ClCompile Include="MeleeCollider.cpp">
      <Filter>Source Files</Filter>
    </ClCompile>
  </ItemGroup>
  <ItemGroup>
    <ClInclude Include="EshopAnim.h">
      <Filter>Header Files\GameObjects</Filter>
    </ClInclude>
    <ClInclude Include="FPSCounter.h">
      <Filter>Header Files\GameObjects</Filter>
    </ClInclude>
    <ClInclude Include="Global_Flags.h">
      <Filter>Resource Files</Filter>
    </ClInclude>
    <ClInclude Include="GameEngine.h">
      <Filter>Header Files\Engine</Filter>
    </ClInclude>
    <ClInclude Include="GameClock.h">
      <Filter>Header Files\Engine</Filter>
    </ClInclude>
    <ClInclude Include="ColourRGBA.h">
      <Filter>Header Files\Utils</Filter>
    </ClInclude>
    <ClInclude Include="GameLogging.h">
      <Filter>Header Files\Engine</Filter>
    </ClInclude>
    <ClInclude Include="GameMath.h">
      <Filter>Header Files\Utils</Filter>
    </ClInclude>
    <ClInclude Include="GameRNG.h">
      <Filter>Header Files\Utils</Filter>
    </ClInclude>
    <ClInclude Include="GameUtils.h">
      <Filter>Header Files\Utils</Filter>
    </ClInclude>
    <ClInclude Include="RenderableComponent.h">
      <Filter>Header Files\Render</Filter>
    </ClInclude>
    <ClInclude Include="SpriteSheet.h">
      <Filter>Header Files\Render</Filter>
    </ClInclude>
    <ClInclude Include="GameObject.h">
      <Filter>Header Files\Engine</Filter>
    </ClInclude>
    <ClInclude Include="PlayerController.h">
      <Filter>Header Files\GameObjects</Filter>
    </ClInclude>
    <ClInclude Include="SpriteSheetTest.h">
      <Filter>Header Files\GameObjects</Filter>
    </ClInclude>
    <ClInclude Include="Timer.h">
      <Filter>Header Files\Engine</Filter>
    </ClInclude>
    <ClInclude Include="IncludeGameObjects.h">
      <Filter>Header Files\GameObjects</Filter>
    </ClInclude>
    <ClInclude Include="GameScene.h">
      <Filter>Header Files\Engine</Filter>
    </ClInclude>
    <ClInclude Include="IncludeScenes.h">
      <Filter>Header Files\Scenes</Filter>
    </ClInclude>
    <ClInclude Include="EshopScene.h">
      <Filter>Header Files\Scenes</Filter>
    </ClInclude>
    <ClInclude Include="AudioEngine.h">
      <Filter>Header Files\Engine</Filter>
    </ClInclude>
    <ClInclude Include="RenderEngine.h">
      <Filter>Header Files\Engine</Filter>
    </ClInclude>
    <ClInclude Include="BoidScene.h">
      <Filter>Header Files\Scenes</Filter>
    </ClInclude>
    <ClInclude Include="GameConductor.h">
      <Filter>Header Files\Engine</Filter>
    </ClInclude>
    <ClInclude Include="InputHandler.h">
      <Filter>Header Files\Engine</Filter>
    </ClInclude>
    <ClInclude Include="Boid.cuh">
      <Filter>Header Files\GameObjects</Filter>
    </ClInclude>
    <ClInclude Include="CollisionCalculator.cuh">
      <Filter>Header Files\Engine</Filter>
    </ClInclude>
    <ClInclude Include="CollisionTestScene.h">
      <Filter>Header Files\Scenes</Filter>
    </ClInclude>
    <ClInclude Include="TestCollider.h">
      <Filter>Header Files\GameObjects</Filter>
    </ClInclude>
    <ClInclude Include="MainScene.h">
      <Filter>Header Files\Scenes</Filter>
    </ClInclude>
    <ClInclude Include="MeleeCollider.h">
      <Filter>Header Files</Filter>
    </ClInclude>
  </ItemGroup>
  <ItemGroup>
    <Font Include="USN_Stencil.ttf">
      <Filter>Resource Files</Filter>
    </Font>
    <Font Include="cour.ttf">
      <Filter>Resource Files</Filter>
    </Font>
  </ItemGroup>
  <ItemGroup>
    <ResourceCompile Include="GameProgrammingAssessment.rc">
      <Filter>Resource Files</Filter>
    </ResourceCompile>
  </ItemGroup>
  <ItemGroup>
    <None Include="packages.config" />
  </ItemGroup>
  <ItemGroup>
    <CudaCompile Include="Boid.cu">
      <Filter>Source Files\GameObjects</Filter>
    </CudaCompile>
    <CudaCompile Include="CollisionCalculator.cu">
      <Filter>Source Files\Engine</Filter>
    </CudaCompile>
  </ItemGroup>
</Project>